// !$*UTF8*$!
{
	archiveVersion = 1;
	classes = {
	};
	objectVersion = 46;
	objects = {

/* Begin PBXBuildFile section */
		AEFEB04D1F0F9016007B9161 /* AppDelegate.swift in Sources */ = {isa = PBXBuildFile; fileRef = AEFEB04C1F0F9016007B9161 /* AppDelegate.swift */; };
		AEFEB04F1F0F9016007B9161 /* ViewController.swift in Sources */ = {isa = PBXBuildFile; fileRef = AEFEB04E1F0F9016007B9161 /* ViewController.swift */; };
		AEFEB0521F0F9016007B9161 /* Main.storyboard in Resources */ = {isa = PBXBuildFile; fileRef = AEFEB0501F0F9016007B9161 /* Main.storyboard */; };
		AEFEB0541F0F9016007B9161 /* Assets.xcassets in Resources */ = {isa = PBXBuildFile; fileRef = AEFEB0531F0F9016007B9161 /* Assets.xcassets */; };
		AEFEB0571F0F9016007B9161 /* LaunchScreen.storyboard in Resources */ = {isa = PBXBuildFile; fileRef = AEFEB0551F0F9016007B9161 /* LaunchScreen.storyboard */; };
/* End PBXBuildFile section */

/* Begin PBXFileReference section */
		AEFEB0491F0F9016007B9161 /* Parklands Substitutions.app */ = {isa = PBXFileReference; explicitFileType = wrapper.application; includeInIndex = 0; path = "Parklands Substitutions.app"; sourceTree = BUILT_PRODUCTS_DIR; };
		AEFEB04C1F0F9016007B9161 /* AppDelegate.swift */ = {isa = PBXFileReference; lastKnownFileType = sourcecode.swift; path = AppDelegate.swift; sourceTree = "<group>"; };
		AEFEB04E1F0F9016007B9161 /* ViewController.swift */ = {isa = PBXFileReference; lastKnownFileType = sourcecode.swift; path = ViewController.swift; sourceTree = "<group>"; };
		AEFEB0511F0F9016007B9161 /* Base */ = {isa = PBXFileReference; lastKnownFileType = file.storyboard; name = Base; path = Base.lproj/Main.storyboard; sourceTree = "<group>"; };
		AEFEB0531F0F9016007B9161 /* Assets.xcassets */ = {isa = PBXFileReference; lastKnownFileType = folder.assetcatalog; path = Assets.xcassets; sourceTree = "<group>"; };
		AEFEB0561F0F9016007B9161 /* Base */ = {isa = PBXFileReference; lastKnownFileType = file.storyboard; name = Base; path = Base.lproj/LaunchScreen.storyboard; sourceTree = "<group>"; };
		AEFEB0581F0F9016007B9161 /* Info.plist */ = {isa = PBXFileReference; lastKnownFileType = text.plist.xml; path = Info.plist; sourceTree = "<group>"; };
/* End PBXFileReference section */

/* Begin PBXFrameworksBuildPhase section */
		AEFEB0461F0F9016007B9161 /* Frameworks */ = {
			isa = PBXFrameworksBuildPhase;
			buildActionMask = 2147483647;
			files = (
			);
			runOnlyForDeploymentPostprocessing = 0;
		};
/* End PBXFrameworksBuildPhase section */

/* Begin PBXGroup section */
		AEFEB0401F0F9016007B9161 = {
			isa = PBXGroup;
			children = (
				AEFEB04B1F0F9016007B9161 /* Parklands Substitutions */,
				AEFEB04A1F0F9016007B9161 /* Products */,
			);
			sourceTree = "<group>";
		};
		AEFEB04A1F0F9016007B9161 /* Products */ = {
			isa = PBXGroup;
			children = (
				AEFEB0491F0F9016007B9161 /* Parklands Substitutions.app */,
			);
			name = Products;
			sourceTree = "<group>";
		};
		AEFEB04B1F0F9016007B9161 /* Parklands Substitutions */ = {
			isa = PBXGroup;
			children = (
				AEFEB04C1F0F9016007B9161 /* AppDelegate.swift */,
				AEFEB04E1F0F9016007B9161 /* ViewController.swift */,
				AEFEB0501F0F9016007B9161 /* Main.storyboard */,
				AEFEB0531F0F9016007B9161 /* Assets.xcassets */,
				AEFEB0551F0F9016007B9161 /* LaunchScreen.storyboard */,
				AEFEB0581F0F9016007B9161 /* Info.plist */,
			);
			path = "Parklands Substitutions";
			sourceTree = "<group>";
		};
/* End PBXGroup section */

/* Begin PBXNativeTarget section */
		AEFEB0481F0F9016007B9161 /* Parklands Substitutions */ = {
			isa = PBXNativeTarget;
			buildConfigurationList = AEFEB05B1F0F9016007B9161 /* Build configuration list for PBXNativeTarget "Parklands Substitutions" */;
			buildPhases = (
				AEFEB0451F0F9016007B9161 /* Sources */,
				AEFEB0461F0F9016007B9161 /* Frameworks */,
				AEFEB0471F0F9016007B9161 /* Resources */,
			);
			buildRules = (
			);
			dependencies = (
			);
			name = "Parklands Substitutions";
			productName = "Parklands Substitutions";
			productReference = AEFEB0491F0F9016007B9161 /* Parklands Substitutions.app */;
			productType = "com.apple.product-type.application";
		};
/* End PBXNativeTarget section */

/* Begin PBXProject section */
		AEFEB0411F0F9016007B9161 /* Project object */ = {
			isa = PBXProject;
			attributes = {
				LastSwiftUpdateCheck = 0830;
				LastUpgradeCheck = 0830;
				ORGANIZATIONNAME = "Parklands College";
				TargetAttributes = {
					AEFEB0481F0F9016007B9161 = {
						CreatedOnToolsVersion = 8.3.3;
						ProvisioningStyle = Automatic;
					};
				};
			};
			buildConfigurationList = AEFEB0441F0F9016007B9161 /* Build configuration list for PBXProject "Parklands Substitutions" */;
			compatibilityVersion = "Xcode 3.2";
			developmentRegion = English;
			hasScannedForEncodings = 0;
			knownRegions = (
				en,
				Base,
			);
			mainGroup = AEFEB0401F0F9016007B9161;
			productRefGroup = AEFEB04A1F0F9016007B9161 /* Products */;
			projectDirPath = "";
			projectRoot = "";
			targets = (
				AEFEB0481F0F9016007B9161 /* Parklands Substitutions */,
			);
		};
/* End PBXProject section */

/* Begin PBXResourcesBuildPhase section */
		AEFEB0471F0F9016007B9161 /* Resources */ = {
			isa = PBXResourcesBuildPhase;
			buildActionMask = 2147483647;
			files = (
				AEFEB0571F0F9016007B9161 /* LaunchScreen.storyboard in Resources */,
				AEFEB0541F0F9016007B9161 /* Assets.xcassets in Resources */,
				AEFEB0521F0F9016007B9161 /* Main.storyboard in Resources */,
			);
			runOnlyForDeploymentPostprocessing = 0;
		};
/* End PBXResourcesBuildPhase section */

/* Begin PBXSourcesBuildPhase section */
		AEFEB0451F0F9016007B9161 /* Sources */ = {
			isa = PBXSourcesBuildPhase;
			buildActionMask = 2147483647;
			files = (
				AEFEB04F1F0F9016007B9161 /* ViewController.swift in Sources */,
				AEFEB04D1F0F9016007B9161 /* AppDelegate.swift in Sources */,
			);
			runOnlyForDeploymentPostprocessing = 0;
		};
/* End PBXSourcesBuildPhase section */

/* Begin PBXVariantGroup section */
		AEFEB0501F0F9016007B9161 /* Main.storyboard */ = {
			isa = PBXVariantGroup;
			children = (
				AEFEB0511F0F9016007B9161 /* Base */,
			);
			name = Main.storyboard;
			sourceTree = "<group>";
		};
		AEFEB0551F0F9016007B9161 /* LaunchScreen.storyboard */ = {
			isa = PBXVariantGroup;
			children = (
				AEFEB0561F0F9016007B9161 /* Base */,
			);
			name = LaunchScreen.storyboard;
			sourceTree = "<group>";
		};
/* End PBXVariantGroup section */

/* Begin XCBuildConfiguration section */
		AEFEB0591F0F9016007B9161 /* Debug */ = {
			isa = XCBuildConfiguration;
			buildSettings = {
				ALWAYS_SEARCH_USER_PATHS = NO;
				CLANG_ANALYZER_NONNULL = YES;
				CLANG_ANALYZER_NUMBER_OBJECT_CONVERSION = YES_AGGRESSIVE;
				CLANG_CXX_LANGUAGE_STANDARD = "gnu++0x";
				CLANG_CXX_LIBRARY = "libc++";
				CLANG_ENABLE_MODULES = YES;
				CLANG_ENABLE_OBJC_ARC = YES;
				CLANG_WARN_BOOL_CONVERSION = YES;
				CLANG_WARN_CONSTANT_CONVERSION = YES;
				CLANG_WARN_DIRECT_OBJC_ISA_USAGE = YES_ERROR;
				CLANG_WARN_DOCUMENTATION_COMMENTS = YES;
				CLANG_WARN_EMPTY_BODY = YES;
				CLANG_WARN_ENUM_CONVERSION = YES;
				CLANG_WARN_INFINITE_RECURSION = YES;
				CLANG_WARN_INT_CONVERSION = YES;
				CLANG_WARN_OBJC_ROOT_CLASS = YES_ERROR;
				CLANG_WARN_SUSPICIOUS_MOVE = YES;
				CLANG_WARN_UNREACHABLE_CODE = YES;
				CLANG_WARN__DUPLICATE_METHOD_MATCH = YES;
				"CODE_SIGN_IDENTITY[sdk=iphoneos*]" = "iPhone Developer";
				COPY_PHASE_STRIP = NO;
				DEBUG_INFORMATION_FORMAT = dwarf;
				ENABLE_STRICT_OBJC_MSGSEND = YES;
				ENABLE_TESTABILITY = YES;
				GCC_C_LANGUAGE_STANDARD = gnu99;
				GCC_DYNAMIC_NO_PIC = NO;
				GCC_NO_COMMON_BLOCKS = YES;
				GCC_OPTIMIZATION_LEVEL = 0;
				GCC_PREPROCESSOR_DEFINITIONS = (
					"DEBUG=1",
					"$(inherited)",
				);
				GCC_WARN_64_TO_32_BIT_CONVERSION = YES;
				GCC_WARN_ABOUT_RETURN_TYPE = YES_ERROR;
				GCC_WARN_UNDECLARED_SELECTOR = YES;
				GCC_WARN_UNINITIALIZED_AUTOS = YES_AGGRESSIVE;
				GCC_WARN_UNUSED_FUNCTION = YES;
				GCC_WARN_UNUSED_VARIABLE = YES;
				IPHONEOS_DEPLOYMENT_TARGET = 10.3;
				MTL_ENABLE_DEBUG_INFO = YES;
				ONLY_ACTIVE_ARCH = YES;
				SDKROOT = iphoneos;
				SWIFT_ACTIVE_COMPILATION_CONDITIONS = DEBUG;
				SWIFT_OPTIMIZATION_LEVEL = "-Onone";
				TARGETED_DEVICE_FAMILY = 2;
			};
			name = Debug;
		};
		AEFEB05A1F0F9016007B9161 /* Release */ = {
			isa = XCBuildConfiguration;
			buildSettings = {
				ALWAYS_SEARCH_USER_PATHS = NO;
				CLANG_ANALYZER_NONNULL = YES;
				CLANG_ANALYZER_NUMBER_OBJECT_CONVERSION = YES_AGGRESSIVE;
				CLANG_CXX_LANGUAGE_STANDARD = "gnu++0x";
				CLANG_CXX_LIBRARY = "libc++";
				CLANG_ENABLE_MODULES = YES;
				CLANG_ENABLE_OBJC_ARC = YES;
				CLANG_WARN_BOOL_CONVERSION = YES;
				CLANG_WARN_CONSTANT_CONVERSION = YES;
				CLANG_WARN_DIRECT_OBJC_ISA_USAGE = YES_ERROR;
				CLANG_WARN_DOCUMENTATION_COMMENTS = YES;
				CLANG_WARN_EMPTY_BODY = YES;
				CLANG_WARN_ENUM_CONVERSION = YES;
				CLANG_WARN_INFINITE_RECURSION = YES;
				CLANG_WARN_INT_CONVERSION = YES;
				CLANG_WARN_OBJC_ROOT_CLASS = YES_ERROR;
				CLANG_WARN_SUSPICIOUS_MOVE = YES;
				CLANG_WARN_UNREACHABLE_CODE = YES;
				CLANG_WARN__DUPLICATE_METHOD_MATCH = YES;
				"CODE_SIGN_IDENTITY[sdk=iphoneos*]" = "iPhone Developer";
				COPY_PHASE_STRIP = NO;
				DEBUG_INFORMATION_FORMAT = "dwarf-with-dsym";
				ENABLE_NS_ASSERTIONS = NO;
				ENABLE_STRICT_OBJC_MSGSEND = YES;
				GCC_C_LANGUAGE_STANDARD = gnu99;
				GCC_NO_COMMON_BLOCKS = YES;
				GCC_WARN_64_TO_32_BIT_CONVERSION = YES;
				GCC_WARN_ABOUT_RETURN_TYPE = YES_ERROR;
				GCC_WARN_UNDECLARED_SELECTOR = YES;
				GCC_WARN_UNINITIALIZED_AUTOS = YES_AGGRESSIVE;
				GCC_WARN_UNUSED_FUNCTION = YES;
				GCC_WARN_UNUSED_VARIABLE = YES;
				IPHONEOS_DEPLOYMENT_TARGET = 10.3;
				MTL_ENABLE_DEBUG_INFO = NO;
				SDKROOT = iphoneos;
				SWIFT_OPTIMIZATION_LEVEL = "-Owholemodule";
				TARGETED_DEVICE_FAMILY = 2;
				VALIDATE_PRODUCT = YES;
			};
			name = Release;
		};
		AEFEB05C1F0F9016007B9161 /* Debug */ = {
			isa = XCBuildConfiguration;
			buildSettings = {
				ASSETCATALOG_COMPILER_APPICON_NAME = AppIcon;
				INFOPLIST_FILE = "Parklands Substitutions/Info.plist";
				LD_RUNPATH_SEARCH_PATHS = "$(inherited) @executable_path/Frameworks";
				PRODUCT_BUNDLE_IDENTIFIER = "park.Parklands-Substitutions";
				PRODUCT_NAME = "$(TARGET_NAME)";
				SWIFT_VERSION = 3.0;
			};
			name = Debug;
		};
		AEFEB05D1F0F9016007B9161 /* Release */ = {
			isa = XCBuildConfiguration;
			buildSettings = {
				ASSETCATALOG_COMPILER_APPICON_NAME = AppIcon;
				INFOPLIST_FILE = "Parklands Substitutions/Info.plist";
				LD_RUNPATH_SEARCH_PATHS = "$(inherited) @executable_path/Frameworks";
				PRODUCT_BUNDLE_IDENTIFIER = "park.Parklands-Substitutions";
				PRODUCT_NAME = "$(TARGET_NAME)";
				SWIFT_VERSION = 3.0;
			};
			name = Release;
		};
/* End XCBuildConfiguration section */

/* Begin XCConfigurationList section */
		AEFEB0441F0F9016007B9161 /* Build configuration list for PBXProject "Parklands Substitutions" */ = {
			isa = XCConfigurationList;
			buildConfigurations = (
				AEFEB0591F0F9016007B9161 /* Debug */,
				AEFEB05A1F0F9016007B9161 /* Release */,
			);
			defaultConfigurationIsVisible = 0;
			defaultConfigurationName = Release;
		};
		AEFEB05B1F0F9016007B9161 /* Build configuration list for PBXNativeTarget "Parklands Substitutions" */ = {
			isa = XCConfigurationList;
			buildConfigurations = (
				AEFEB05C1F0F9016007B9161 /* Debug */,
				AEFEB05D1F0F9016007B9161 /* Release */,
			);
			defaultConfigurationIsVisible = 0;
		};
/* End XCConfigurationList section */
	};
	rootObject = AEFEB0411F0F9016007B9161 /* Project object */;
}
